
Microsoft Visual Studio Solution File, Format Version 12.00
# Visual Studio Version 17
VisualStudioVersion = 17.0.31903.59
MinimumVisualStudioVersion = 10.0.40219.1
Project("{FAE04EC0-301F-11D3-BF4B-00C04F79EFBC}") = "Aoc2022-Day01", "Aoc2022-Day01\Aoc2022-Day01.csproj", "{E7EB197F-29FF-4EFD-8778-9349FDF6793F}"
EndProject
Project("{FAE04EC0-301F-11D3-BF4B-00C04F79EFBC}") = "Aoc2022-Day02", "Aoc2022-Day02\Aoc2022-Day02.csproj", "{DF9F4C8A-42CC-4282-9A4C-811FF1A308E2}"
EndProject
Project("{FAE04EC0-301F-11D3-BF4B-00C04F79EFBC}") = "Aoc2022-Day03", "Aoc2022-Day03\Aoc2022-Day03.csproj", "{6F20536D-1784-4B4A-AF69-F4248277C9AD}"
EndProject
Project("{FAE04EC0-301F-11D3-BF4B-00C04F79EFBC}") = "Aoc2022-Day04", "Aoc2022-Day04\Aoc2022-Day04.csproj", "{BD2E2A61-1084-4EDB-BF64-23C68172B553}"
EndProject
Project("{FAE04EC0-301F-11D3-BF4B-00C04F79EFBC}") = "Aoc2022-Day05", "Aoc2022-Day05\Aoc2022-Day05.csproj", "{9D6D543E-FE53-4321-8C8F-85EF90351193}"
EndProject
Project("{FAE04EC0-301F-11D3-BF4B-00C04F79EFBC}") = "Aoc2022-Day06", "Aoc2022-Day06\Aoc2022-Day06.csproj", "{04E21F39-5835-419B-83E2-1ED7D1F7E5A1}"
EndProject
Project("{FAE04EC0-301F-11D3-BF4B-00C04F79EFBC}") = "Aoc2022-Day07", "Aoc2022-Day07\Aoc2022-Day07.csproj", "{C2FA1738-2A5D-4686-9694-C7CEEFDE2EDF}"
EndProject
Project("{FAE04EC0-301F-11D3-BF4B-00C04F79EFBC}") = "Aoc2022-Day08", "Aoc2022-Day08\Aoc2022-Day08.csproj", "{7FD40936-5BFF-4F19-8B78-9F16FD1C89A8}"
EndProject
Project("{FAE04EC0-301F-11D3-BF4B-00C04F79EFBC}") = "Aoc2022-Day09", "Aoc2022-Day09\Aoc2022-Day09.csproj", "{A50C7F28-FCE4-405B-95D1-6B1D6E4EB92B}"
EndProject
Project("{FAE04EC0-301F-11D3-BF4B-00C04F79EFBC}") = "Aoc2022-Day10", "Aoc2022-Day10\Aoc2022-Day10.csproj", "{FAE53BAB-5A52-4B57-9C26-B4E26B1E7C8E}"
EndProject
Project("{FAE04EC0-301F-11D3-BF4B-00C04F79EFBC}") = "Aoc2022-Day11", "Aoc2022-Day11\Aoc2022-Day11.csproj", "{497CAF4F-1ECB-48B5-B54A-6725A20ED46C}"
EndProject
Project("{FAE04EC0-301F-11D3-BF4B-00C04F79EFBC}") = "Aoc2022-Day12", "Aoc2022-Day12\Aoc2022-Day12.csproj", "{7811CABD-27C2-4C4F-A73B-71451949BC02}"
EndProject
Project("{FAE04EC0-301F-11D3-BF4B-00C04F79EFBC}") = "Aoc2022-Day13", "Aoc2022-Day13\Aoc2022-Day13.csproj", "{F7B8FB19-559A-4579-9494-D20041ACC38E}"
EndProject
Project("{FAE04EC0-301F-11D3-BF4B-00C04F79EFBC}") = "Aoc2022-Day14", "Aoc2022-Day14\Aoc2022-Day14.csproj", "{6A4CE081-4D55-4C29-9BCC-549F7896FE11}"
EndProject
Project("{FAE04EC0-301F-11D3-BF4B-00C04F79EFBC}") = "Aoc2022-Day15", "Aoc2022-Day15\Aoc2022-Day15.csproj", "{6A9CB721-6DB8-4142-A2A4-998F7E407FEC}"
EndProject
Project("{FAE04EC0-301F-11D3-BF4B-00C04F79EFBC}") = "Aoc2022-Day16", "Aoc2022-Day16\Aoc2022-Day16.csproj", "{12A90DEE-FD6B-4E3E-97CC-AC8D48B416CD}"
EndProject
Project("{FAE04EC0-301F-11D3-BF4B-00C04F79EFBC}") = "Aoc2022-Day17", "Aoc2022-Day17\Aoc2022-Day17.csproj", "{CB4038A0-61A2-47E7-AA46-5ACC0B2A3810}"
EndProject
Project("{FAE04EC0-301F-11D3-BF4B-00C04F79EFBC}") = "Aoc2022-Day18", "Aoc2022-Day18\Aoc2022-Day18.csproj", "{722A0AB3-204E-403D-AE2C-3059B0CC8F7D}"
EndProject
Project("{FAE04EC0-301F-11D3-BF4B-00C04F79EFBC}") = "Aoc2022-Day19", "Aoc2022-Day19\Aoc2022-Day19.csproj", "{55DAF9D4-D2C4-4526-A31E-93A9A45F1596}"
EndProject
Project("{FAE04EC0-301F-11D3-BF4B-00C04F79EFBC}") = "Aoc2022-Day20", "Aoc2022-Day20\Aoc2022-Day20.csproj", "{3C6DF7A7-88BB-4C67-A8B3-D15A986DE1BC}"
EndProject
Project("{FAE04EC0-301F-11D3-BF4B-00C04F79EFBC}") = "Aoc2022-Day21", "Aoc2022-Day21\Aoc2022-Day21.csproj", "{EF961D8F-BA0B-4593-9449-B259B9617BB5}"
EndProject
Project("{FAE04EC0-301F-11D3-BF4B-00C04F79EFBC}") = "Aoc2022-Day22", "Aoc2022-Day22\Aoc2022-Day22.csproj", "{9CCC8910-AC38-4A27-A0E8-62653D6CFA9C}"
EndProject
Project("{FAE04EC0-301F-11D3-BF4B-00C04F79EFBC}") = "Aoc2022-Day23", "Aoc2022-Day23\Aoc2022-Day23.csproj", "{7F3A08DF-D244-4DA2-98FC-F9348C6943E1}"
EndProject
Project("{FAE04EC0-301F-11D3-BF4B-00C04F79EFBC}") = "Aoc2022-Day24", "Aoc2022-Day24\Aoc2022-Day24.csproj", "{9550C2EE-3CBB-438F-9D06-86B9740ACC2D}"
EndProject
Global
	GlobalSection(SolutionConfigurationPlatforms) = preSolution
		Debug|Any CPU = Debug|Any CPU
		Release|Any CPU = Release|Any CPU
	EndGlobalSection
	GlobalSection(SolutionProperties) = preSolution
		HideSolutionNode = FALSE
	EndGlobalSection
	GlobalSection(ProjectConfigurationPlatforms) = postSolution
		{E7EB197F-29FF-4EFD-8778-9349FDF6793F}.Debug|Any CPU.ActiveCfg = Debug|Any CPU
		{E7EB197F-29FF-4EFD-8778-9349FDF6793F}.Debug|Any CPU.Build.0 = Debug|Any CPU
		{E7EB197F-29FF-4EFD-8778-9349FDF6793F}.Release|Any CPU.ActiveCfg = Release|Any CPU
		{E7EB197F-29FF-4EFD-8778-9349FDF6793F}.Release|Any CPU.Build.0 = Release|Any CPU
		{DF9F4C8A-42CC-4282-9A4C-811FF1A308E2}.Debug|Any CPU.ActiveCfg = Debug|Any CPU
		{DF9F4C8A-42CC-4282-9A4C-811FF1A308E2}.Debug|Any CPU.Build.0 = Debug|Any CPU
		{DF9F4C8A-42CC-4282-9A4C-811FF1A308E2}.Release|Any CPU.ActiveCfg = Release|Any CPU
		{DF9F4C8A-42CC-4282-9A4C-811FF1A308E2}.Release|Any CPU.Build.0 = Release|Any CPU
		{6F20536D-1784-4B4A-AF69-F4248277C9AD}.Debug|Any CPU.ActiveCfg = Debug|Any CPU
		{6F20536D-1784-4B4A-AF69-F4248277C9AD}.Debug|Any CPU.Build.0 = Debug|Any CPU
		{6F20536D-1784-4B4A-AF69-F4248277C9AD}.Release|Any CPU.ActiveCfg = Release|Any CPU
		{6F20536D-1784-4B4A-AF69-F4248277C9AD}.Release|Any CPU.Build.0 = Release|Any CPU
		{BD2E2A61-1084-4EDB-BF64-23C68172B553}.Debug|Any CPU.ActiveCfg = Debug|Any CPU
		{BD2E2A61-1084-4EDB-BF64-23C68172B553}.Debug|Any CPU.Build.0 = Debug|Any CPU
		{BD2E2A61-1084-4EDB-BF64-23C68172B553}.Release|Any CPU.ActiveCfg = Release|Any CPU
		{BD2E2A61-1084-4EDB-BF64-23C68172B553}.Release|Any CPU.Build.0 = Release|Any CPU
		{9D6D543E-FE53-4321-8C8F-85EF90351193}.Debug|Any CPU.ActiveCfg = Debug|Any CPU
		{9D6D543E-FE53-4321-8C8F-85EF90351193}.Debug|Any CPU.Build.0 = Debug|Any CPU
		{9D6D543E-FE53-4321-8C8F-85EF90351193}.Release|Any CPU.ActiveCfg = Release|Any CPU
		{9D6D543E-FE53-4321-8C8F-85EF90351193}.Release|Any CPU.Build.0 = Release|Any CPU
		{04E21F39-5835-419B-83E2-1ED7D1F7E5A1}.Debug|Any CPU.ActiveCfg = Debug|Any CPU
		{04E21F39-5835-419B-83E2-1ED7D1F7E5A1}.Debug|Any CPU.Build.0 = Debug|Any CPU
		{04E21F39-5835-419B-83E2-1ED7D1F7E5A1}.Release|Any CPU.ActiveCfg = Release|Any CPU
		{04E21F39-5835-419B-83E2-1ED7D1F7E5A1}.Release|Any CPU.Build.0 = Release|Any CPU
		{C2FA1738-2A5D-4686-9694-C7CEEFDE2EDF}.Debug|Any CPU.ActiveCfg = Debug|Any CPU
		{C2FA1738-2A5D-4686-9694-C7CEEFDE2EDF}.Debug|Any CPU.Build.0 = Debug|Any CPU
		{C2FA1738-2A5D-4686-9694-C7CEEFDE2EDF}.Release|Any CPU.ActiveCfg = Release|Any CPU
		{C2FA1738-2A5D-4686-9694-C7CEEFDE2EDF}.Release|Any CPU.Build.0 = Release|Any CPU
		{7FD40936-5BFF-4F19-8B78-9F16FD1C89A8}.Debug|Any CPU.ActiveCfg = Debug|Any CPU
		{7FD40936-5BFF-4F19-8B78-9F16FD1C89A8}.Debug|Any CPU.Build.0 = Debug|Any CPU
		{7FD40936-5BFF-4F19-8B78-9F16FD1C89A8}.Release|Any CPU.ActiveCfg = Release|Any CPU
		{7FD40936-5BFF-4F19-8B78-9F16FD1C89A8}.Release|Any CPU.Build.0 = Release|Any CPU
		{A50C7F28-FCE4-405B-95D1-6B1D6E4EB92B}.Debug|Any CPU.ActiveCfg = Debug|Any CPU
		{A50C7F28-FCE4-405B-95D1-6B1D6E4EB92B}.Debug|Any CPU.Build.0 = Debug|Any CPU
		{A50C7F28-FCE4-405B-95D1-6B1D6E4EB92B}.Release|Any CPU.ActiveCfg = Release|Any CPU
		{A50C7F28-FCE4-405B-95D1-6B1D6E4EB92B}.Release|Any CPU.Build.0 = Release|Any CPU
		{FAE53BAB-5A52-4B57-9C26-B4E26B1E7C8E}.Debug|Any CPU.ActiveCfg = Debug|Any CPU
		{FAE53BAB-5A52-4B57-9C26-B4E26B1E7C8E}.Debug|Any CPU.Build.0 = Debug|Any CPU
		{FAE53BAB-5A52-4B57-9C26-B4E26B1E7C8E}.Release|Any CPU.ActiveCfg = Release|Any CPU
		{FAE53BAB-5A52-4B57-9C26-B4E26B1E7C8E}.Release|Any CPU.Build.0 = Release|Any CPU
		{497CAF4F-1ECB-48B5-B54A-6725A20ED46C}.Debug|Any CPU.ActiveCfg = Debug|Any CPU
		{497CAF4F-1ECB-48B5-B54A-6725A20ED46C}.Debug|Any CPU.Build.0 = Debug|Any CPU
		{497CAF4F-1ECB-48B5-B54A-6725A20ED46C}.Release|Any CPU.ActiveCfg = Release|Any CPU
		{497CAF4F-1ECB-48B5-B54A-6725A20ED46C}.Release|Any CPU.Build.0 = Release|Any CPU
		{7811CABD-27C2-4C4F-A73B-71451949BC02}.Debug|Any CPU.ActiveCfg = Debug|Any CPU
		{7811CABD-27C2-4C4F-A73B-71451949BC02}.Debug|Any CPU.Build.0 = Debug|Any CPU
		{7811CABD-27C2-4C4F-A73B-71451949BC02}.Release|Any CPU.ActiveCfg = Release|Any CPU
		{7811CABD-27C2-4C4F-A73B-71451949BC02}.Release|Any CPU.Build.0 = Release|Any CPU
		{F7B8FB19-559A-4579-9494-D20041ACC38E}.Debug|Any CPU.ActiveCfg = Debug|Any CPU
		{F7B8FB19-559A-4579-9494-D20041ACC38E}.Debug|Any CPU.Build.0 = Debug|Any CPU
		{F7B8FB19-559A-4579-9494-D20041ACC38E}.Release|Any CPU.ActiveCfg = Release|Any CPU
		{F7B8FB19-559A-4579-9494-D20041ACC38E}.Release|Any CPU.Build.0 = Release|Any CPU
		{6A4CE081-4D55-4C29-9BCC-549F7896FE11}.Debug|Any CPU.ActiveCfg = Debug|Any CPU
		{6A4CE081-4D55-4C29-9BCC-549F7896FE11}.Debug|Any CPU.Build.0 = Debug|Any CPU
		{6A4CE081-4D55-4C29-9BCC-549F7896FE11}.Release|Any CPU.ActiveCfg = Release|Any CPU
		{6A4CE081-4D55-4C29-9BCC-549F7896FE11}.Release|Any CPU.Build.0 = Release|Any CPU
		{6A9CB721-6DB8-4142-A2A4-998F7E407FEC}.Debug|Any CPU.ActiveCfg = Debug|Any CPU
		{6A9CB721-6DB8-4142-A2A4-998F7E407FEC}.Debug|Any CPU.Build.0 = Debug|Any CPU
		{6A9CB721-6DB8-4142-A2A4-998F7E407FEC}.Release|Any CPU.ActiveCfg = Release|Any CPU
		{6A9CB721-6DB8-4142-A2A4-998F7E407FEC}.Release|Any CPU.Build.0 = Release|Any CPU
		{12A90DEE-FD6B-4E3E-97CC-AC8D48B416CD}.Debug|Any CPU.ActiveCfg = Debug|Any CPU
		{12A90DEE-FD6B-4E3E-97CC-AC8D48B416CD}.Debug|Any CPU.Build.0 = Debug|Any CPU
		{12A90DEE-FD6B-4E3E-97CC-AC8D48B416CD}.Release|Any CPU.ActiveCfg = Release|Any CPU
		{12A90DEE-FD6B-4E3E-97CC-AC8D48B416CD}.Release|Any CPU.Build.0 = Release|Any CPU
		{CB4038A0-61A2-47E7-AA46-5ACC0B2A3810}.Debug|Any CPU.ActiveCfg = Debug|Any CPU
		{CB4038A0-61A2-47E7-AA46-5ACC0B2A3810}.Debug|Any CPU.Build.0 = Debug|Any CPU
		{CB4038A0-61A2-47E7-AA46-5ACC0B2A3810}.Release|Any CPU.ActiveCfg = Release|Any CPU
		{CB4038A0-61A2-47E7-AA46-5ACC0B2A3810}.Release|Any CPU.Build.0 = Release|Any CPU
		{722A0AB3-204E-403D-AE2C-3059B0CC8F7D}.Debug|Any CPU.ActiveCfg = Debug|Any CPU
		{722A0AB3-204E-403D-AE2C-3059B0CC8F7D}.Debug|Any CPU.Build.0 = Debug|Any CPU
		{722A0AB3-204E-403D-AE2C-3059B0CC8F7D}.Release|Any CPU.ActiveCfg = Release|Any CPU
		{722A0AB3-204E-403D-AE2C-3059B0CC8F7D}.Release|Any CPU.Build.0 = Release|Any CPU
		{55DAF9D4-D2C4-4526-A31E-93A9A45F1596}.Debug|Any CPU.ActiveCfg = Debug|Any CPU
		{55DAF9D4-D2C4-4526-A31E-93A9A45F1596}.Debug|Any CPU.Build.0 = Debug|Any CPU
		{55DAF9D4-D2C4-4526-A31E-93A9A45F1596}.Release|Any CPU.ActiveCfg = Release|Any CPU
		{55DAF9D4-D2C4-4526-A31E-93A9A45F1596}.Release|Any CPU.Build.0 = Release|Any CPU
		{3C6DF7A7-88BB-4C67-A8B3-D15A986DE1BC}.Debug|Any CPU.ActiveCfg = Debug|Any CPU
		{3C6DF7A7-88BB-4C67-A8B3-D15A986DE1BC}.Debug|Any CPU.Build.0 = Debug|Any CPU
		{3C6DF7A7-88BB-4C67-A8B3-D15A986DE1BC}.Release|Any CPU.ActiveCfg = Release|Any CPU
		{3C6DF7A7-88BB-4C67-A8B3-D15A986DE1BC}.Release|Any CPU.Build.0 = Release|Any CPU
		{EF961D8F-BA0B-4593-9449-B259B9617BB5}.Debug|Any CPU.ActiveCfg = Debug|Any CPU
		{EF961D8F-BA0B-4593-9449-B259B9617BB5}.Debug|Any CPU.Build.0 = Debug|Any CPU
		{EF961D8F-BA0B-4593-9449-B259B9617BB5}.Release|Any CPU.ActiveCfg = Release|Any CPU
		{EF961D8F-BA0B-4593-9449-B259B9617BB5}.Release|Any CPU.Build.0 = Release|Any CPU
		{9CCC8910-AC38-4A27-A0E8-62653D6CFA9C}.Debug|Any CPU.ActiveCfg = Debug|Any CPU
		{9CCC8910-AC38-4A27-A0E8-62653D6CFA9C}.Debug|Any CPU.Build.0 = Debug|Any CPU
		{9CCC8910-AC38-4A27-A0E8-62653D6CFA9C}.Release|Any CPU.ActiveCfg = Release|Any CPU
		{9CCC8910-AC38-4A27-A0E8-62653D6CFA9C}.Release|Any CPU.Build.0 = Release|Any CPU
		{7F3A08DF-D244-4DA2-98FC-F9348C6943E1}.Debug|Any CPU.ActiveCfg = Debug|Any CPU
		{7F3A08DF-D244-4DA2-98FC-F9348C6943E1}.Debug|Any CPU.Build.0 = Debug|Any CPU
		{7F3A08DF-D244-4DA2-98FC-F9348C6943E1}.Release|Any CPU.ActiveCfg = Release|Any CPU
		{7F3A08DF-D244-4DA2-98FC-F9348C6943E1}.Release|Any CPU.Build.0 = Release|Any CPU
		{9550C2EE-3CBB-438F-9D06-86B9740ACC2D}.Debug|Any CPU.ActiveCfg = Debug|Any CPU
		{9550C2EE-3CBB-438F-9D06-86B9740ACC2D}.Debug|Any CPU.Build.0 = Debug|Any CPU
		{9550C2EE-3CBB-438F-9D06-86B9740ACC2D}.Release|Any CPU.ActiveCfg = Release|Any CPU
		{9550C2EE-3CBB-438F-9D06-86B9740ACC2D}.Release|Any CPU.Build.0 = Release|Any CPU
	EndGlobalSection
EndGlobal
